{
  "name": "@splists/splist",
  "version": "2.1.3",
  "lockfileVersion": 3,
  "requires": true,
  "packages": {
    "": {
      "name": "@splists/splist",
      "version": "2.1.3",
      "license": "MIT",
      "dependencies": {
        "@splists/splist": "^2.1.3"
      },
      "bin": {
        "splist": "src/cli/cli.js"
      },
      "engines": {
        "node": ">=16.0.0"
      }
    },
    "node_modules/@splists/splist": {
      "version": "2.1.3",
      "resolved": "https://registry.npmjs.org/@splists/splist/-/splist-2.1.3.tgz",
      "integrity": "sha512-gl1vDf9HkJJnHhA+2tg1UwbqAVpVRRGw3V6m5K8hRug/FdApcRUs6ZOLBZUyq4MI1LUTBSmYIa+V9TPnmd/6lA==",
      "license": "MIT",
      "bin": {
        "splist": "src/cli/cli.js"
      },
      "engines": {
        "node": ">=16.0.0"
      }
    }
  }
}
